<Solution>
  <Configurations>
    <Platform Name="Any CPU" />
    <Platform Name="x64" />
    <Platform Name="x86" />
  </Configurations>
  <Project Path="CartMcp/CartMcp.csproj" />
  <Project Path="ChatBot/ChatBot.csproj" />
  <Project Path="ChatBotDb/ChatBotDb.csproj" />
  <Project Path="AppHost/AppHost.csproj" />
  <Project Path="ServiceDefaults/ServiceDefaults.csproj" />
  <Project Path="Tests/Tests.csproj" />
</Solution>
